// !$*UTF8*$!
{
	archiveVersion = 1;
	classes = {
	};
	objectVersion = 56;
	objects = {

/* Begin PBXBuildFile section */
		C2F1EAC02A9628490098C1BB /* AppDelegate.swift in Sources */ = {isa = PBXBuildFile; fileRef = C2F1EABF2A9628490098C1BB /* AppDelegate.swift */; };
		C2F1EAC22A9628490098C1BB /* SceneDelegate.swift in Sources */ = {isa = PBXBuildFile; fileRef = C2F1EAC12A9628490098C1BB /* SceneDelegate.swift */; };
		C2F1EAC72A9628490098C1BB /* Main.storyboard in Resources */ = {isa = PBXBuildFile; fileRef = C2F1EAC52A9628490098C1BB /* Main.storyboard */; };
		C2F1EAC92A96284A0098C1BB /* Assets.xcassets in Resources */ = {isa = PBXBuildFile; fileRef = C2F1EAC82A96284A0098C1BB /* Assets.xcassets */; };
		C2F1EACC2A96284A0098C1BB /* LaunchScreen.storyboard in Resources */ = {isa = PBXBuildFile; fileRef = C2F1EACA2A96284A0098C1BB /* LaunchScreen.storyboard */; };
		C2F1EADC2A962A9A0098C1BB /* MainTabController.swift in Sources */ = {isa = PBXBuildFile; fileRef = C2F1EADB2A962A9A0098C1BB /* MainTabController.swift */; };
		C2F1EAE02A962B870098C1BB /* FeedController.swift in Sources */ = {isa = PBXBuildFile; fileRef = C2F1EADF2A962B870098C1BB /* FeedController.swift */; };
		C2F1EAE22A962BE30098C1BB /* ExploreController.swift in Sources */ = {isa = PBXBuildFile; fileRef = C2F1EAE12A962BE30098C1BB /* ExploreController.swift */; };
		C2F1EAE42A962BED0098C1BB /* NotificationsController.swift in Sources */ = {isa = PBXBuildFile; fileRef = C2F1EAE32A962BED0098C1BB /* NotificationsController.swift */; };
		C2F1EAE62A962BF80098C1BB /* ConversationsController.swift in Sources */ = {isa = PBXBuildFile; fileRef = C2F1EAE52A962BF80098C1BB /* ConversationsController.swift */; };
		C2F1EAE82A962E370098C1BB /* Extensions.swift in Sources */ = {isa = PBXBuildFile; fileRef = C2F1EAE72A962E370098C1BB /* Extensions.swift */; };
/* End PBXBuildFile section */

/* Begin PBXFileReference section */
		C2F1EABC2A9628490098C1BB /* TwitterFirebase.app */ = {isa = PBXFileReference; explicitFileType = wrapper.application; includeInIndex = 0; path = TwitterFirebase.app; sourceTree = BUILT_PRODUCTS_DIR; };
		C2F1EABF2A9628490098C1BB /* AppDelegate.swift */ = {isa = PBXFileReference; lastKnownFileType = sourcecode.swift; path = AppDelegate.swift; sourceTree = "<group>"; };
		C2F1EAC12A9628490098C1BB /* SceneDelegate.swift */ = {isa = PBXFileReference; lastKnownFileType = sourcecode.swift; path = SceneDelegate.swift; sourceTree = "<group>"; };
		C2F1EAC62A9628490098C1BB /* Base */ = {isa = PBXFileReference; lastKnownFileType = file.storyboard; name = Base; path = Base.lproj/Main.storyboard; sourceTree = "<group>"; };
		C2F1EAC82A96284A0098C1BB /* Assets.xcassets */ = {isa = PBXFileReference; lastKnownFileType = folder.assetcatalog; path = Assets.xcassets; sourceTree = "<group>"; };
		C2F1EACB2A96284A0098C1BB /* Base */ = {isa = PBXFileReference; lastKnownFileType = file.storyboard; name = Base; path = Base.lproj/LaunchScreen.storyboard; sourceTree = "<group>"; };
		C2F1EACD2A96284A0098C1BB /* Info.plist */ = {isa = PBXFileReference; lastKnownFileType = text.plist.xml; path = Info.plist; sourceTree = "<group>"; };
		C2F1EADB2A962A9A0098C1BB /* MainTabController.swift */ = {isa = PBXFileReference; lastKnownFileType = sourcecode.swift; path = MainTabController.swift; sourceTree = "<group>"; };
		C2F1EADF2A962B870098C1BB /* FeedController.swift */ = {isa = PBXFileReference; lastKnownFileType = sourcecode.swift; path = FeedController.swift; sourceTree = "<group>"; };
		C2F1EAE12A962BE30098C1BB /* ExploreController.swift */ = {isa = PBXFileReference; lastKnownFileType = sourcecode.swift; path = ExploreController.swift; sourceTree = "<group>"; };
		C2F1EAE32A962BED0098C1BB /* NotificationsController.swift */ = {isa = PBXFileReference; lastKnownFileType = sourcecode.swift; path = NotificationsController.swift; sourceTree = "<group>"; };
		C2F1EAE52A962BF80098C1BB /* ConversationsController.swift */ = {isa = PBXFileReference; lastKnownFileType = sourcecode.swift; path = ConversationsController.swift; sourceTree = "<group>"; };
		C2F1EAE72A962E370098C1BB /* Extensions.swift */ = {isa = PBXFileReference; lastKnownFileType = sourcecode.swift; path = Extensions.swift; sourceTree = "<group>"; };
/* End PBXFileReference section */

/* Begin PBXFrameworksBuildPhase section */
		C2F1EAB92A9628490098C1BB /* Frameworks */ = {
			isa = PBXFrameworksBuildPhase;
			buildActionMask = 2147483647;
			files = (
			);
			runOnlyForDeploymentPostprocessing = 0;
		};
/* End PBXFrameworksBuildPhase section */

/* Begin PBXGroup section */
		C2F1EAB32A9628490098C1BB = {
			isa = PBXGroup;
			children = (
				C2F1EABE2A9628490098C1BB /* TwitterFirebase */,
				C2F1EABD2A9628490098C1BB /* Products */,
			);
			sourceTree = "<group>";
		};
		C2F1EABD2A9628490098C1BB /* Products */ = {
			isa = PBXGroup;
			children = (
				C2F1EABC2A9628490098C1BB /* TwitterFirebase.app */,
			);
			name = Products;
			sourceTree = "<group>";
		};
		C2F1EABE2A9628490098C1BB /* TwitterFirebase */ = {
			isa = PBXGroup;
			children = (
				C2F1EAD82A96292A0098C1BB /* Model */,
				C2F1EAD72A9629270098C1BB /* View */,
				C2F1EAD62A9629240098C1BB /* ViewModel */,
				C2F1EAD52A9629220098C1BB /* Controller */,
				C2F1EAD42A96291F0098C1BB /* API */,
				C2F1EAD32A96291D0098C1BB /* Utils */,
				C2F1EABF2A9628490098C1BB /* AppDelegate.swift */,
				C2F1EAC12A9628490098C1BB /* SceneDelegate.swift */,
				C2F1EAC52A9628490098C1BB /* Main.storyboard */,
				C2F1EAC82A96284A0098C1BB /* Assets.xcassets */,
				C2F1EACA2A96284A0098C1BB /* LaunchScreen.storyboard */,
				C2F1EACD2A96284A0098C1BB /* Info.plist */,
			);
			path = TwitterFirebase;
			sourceTree = "<group>";
		};
		C2F1EAD32A96291D0098C1BB /* Utils */ = {
			isa = PBXGroup;
			children = (
				C2F1EAE72A962E370098C1BB /* Extensions.swift */,
			);
			path = Utils;
			sourceTree = "<group>";
		};
		C2F1EAD42A96291F0098C1BB /* API */ = {
			isa = PBXGroup;
			children = (
			);
			path = API;
			sourceTree = "<group>";
		};
		C2F1EAD52A9629220098C1BB /* Controller */ = {
			isa = PBXGroup;
			children = (
				C2F1EADB2A962A9A0098C1BB /* MainTabController.swift */,
				C2F1EADF2A962B870098C1BB /* FeedController.swift */,
				C2F1EAE12A962BE30098C1BB /* ExploreController.swift */,
				C2F1EAE32A962BED0098C1BB /* NotificationsController.swift */,
				C2F1EAE52A962BF80098C1BB /* ConversationsController.swift */,
			);
			path = Controller;
			sourceTree = "<group>";
		};
		C2F1EAD62A9629240098C1BB /* ViewModel */ = {
			isa = PBXGroup;
			children = (
			);
			path = ViewModel;
			sourceTree = "<group>";
		};
		C2F1EAD72A9629270098C1BB /* View */ = {
			isa = PBXGroup;
			children = (
			);
			path = View;
			sourceTree = "<group>";
		};
		C2F1EAD82A96292A0098C1BB /* Model */ = {
			isa = PBXGroup;
			children = (
			);
			path = Model;
			sourceTree = "<group>";
		};
/* End PBXGroup section */

/* Begin PBXNativeTarget section */
		C2F1EABB2A9628490098C1BB /* TwitterFirebase */ = {
			isa = PBXNativeTarget;
			buildConfigurationList = C2F1EAD02A96284A0098C1BB /* Build configuration list for PBXNativeTarget "TwitterFirebase" */;
			buildPhases = (
				C2F1EAB82A9628490098C1BB /* Sources */,
				C2F1EAB92A9628490098C1BB /* Frameworks */,
				C2F1EABA2A9628490098C1BB /* Resources */,
			);
			buildRules = (
			);
			dependencies = (
			);
			name = TwitterFirebase;
			productName = TwitterFirebase;
			productReference = C2F1EABC2A9628490098C1BB /* TwitterFirebase.app */;
			productType = "com.apple.product-type.application";
		};
/* End PBXNativeTarget section */

/* Begin PBXProject section */
		C2F1EAB42A9628490098C1BB /* Project object */ = {
			isa = PBXProject;
			attributes = {
				BuildIndependentTargetsInParallel = 1;
				LastSwiftUpdateCheck = 1430;
				LastUpgradeCheck = 1430;
				TargetAttributes = {
					C2F1EABB2A9628490098C1BB = {
						CreatedOnToolsVersion = 14.3.1;
					};
				};
			};
			buildConfigurationList = C2F1EAB72A9628490098C1BB /* Build configuration list for PBXProject "TwitterFirebase" */;
			compatibilityVersion = "Xcode 14.0";
			developmentRegion = en;
			hasScannedForEncodings = 0;
			knownRegions = (
				en,
				Base,
			);
			mainGroup = C2F1EAB32A9628490098C1BB;
			productRefGroup = C2F1EABD2A9628490098C1BB /* Products */;
			projectDirPath = "";
			projectRoot = "";
			targets = (
				C2F1EABB2A9628490098C1BB /* TwitterFirebase */,
			);
		};
/* End PBXProject section */

/* Begin PBXResourcesBuildPhase section */
		C2F1EABA2A9628490098C1BB /* Resources */ = {
			isa = PBXResourcesBuildPhase;
			buildActionMask = 2147483647;
			files = (
				C2F1EACC2A96284A0098C1BB /* LaunchScreen.storyboard in Resources */,
				C2F1EAC92A96284A0098C1BB /* Assets.xcassets in Resources */,
				C2F1EAC72A9628490098C1BB /* Main.storyboard in Resources */,
			);
			runOnlyForDeploymentPostprocessing = 0;
		};
/* End PBXResourcesBuildPhase section */

/* Begin PBXSourcesBuildPhase section */
		C2F1EAB82A9628490098C1BB /* Sources */ = {
			isa = PBXSourcesBuildPhase;
			buildActionMask = 2147483647;
			files = (
				C2F1EAE42A962BED0098C1BB /* NotificationsController.swift in Sources */,
				C2F1EAE62A962BF80098C1BB /* ConversationsController.swift in Sources */,
				C2F1EAC02A9628490098C1BB /* AppDelegate.swift in Sources */,
				C2F1EAE82A962E370098C1BB /* Extensions.swift in Sources */,
				C2F1EAE22A962BE30098C1BB /* ExploreController.swift in Sources */,
				C2F1EAC22A9628490098C1BB /* SceneDelegate.swift in Sources */,
				C2F1EADC2A962A9A0098C1BB /* MainTabController.swift in Sources */,
				C2F1EAE02A962B870098C1BB /* FeedController.swift in Sources */,
			);
			runOnlyForDeploymentPostprocessing = 0;
		};
/* End PBXSourcesBuildPhase section */

/* Begin PBXVariantGroup section */
		C2F1EAC52A9628490098C1BB /* Main.storyboard */ = {
			isa = PBXVariantGroup;
			children = (
				C2F1EAC62A9628490098C1BB /* Base */,
			);
			name = Main.storyboard;
			sourceTree = "<group>";
		};
		C2F1EACA2A96284A0098C1BB /* LaunchScreen.storyboard */ = {
			isa = PBXVariantGroup;
			children = (
				C2F1EACB2A96284A0098C1BB /* Base */,
			);
			name = LaunchScreen.storyboard;
			sourceTree = "<group>";
		};
/* End PBXVariantGroup section */

/* Begin XCBuildConfiguration section */
		C2F1EACE2A96284A0098C1BB /* Debug */ = {
			isa = XCBuildConfiguration;
			buildSettings = {
				ALWAYS_SEARCH_USER_PATHS = NO;
				CLANG_ANALYZER_NONNULL = YES;
				CLANG_ANALYZER_NUMBER_OBJECT_CONVERSION = YES_AGGRESSIVE;
				CLANG_CXX_LANGUAGE_STANDARD = "gnu++20";
				CLANG_ENABLE_MODULES = YES;
				CLANG_ENABLE_OBJC_ARC = YES;
				CLANG_ENABLE_OBJC_WEAK = YES;
				CLANG_WARN_BLOCK_CAPTURE_AUTORELEASING = YES;
				CLANG_WARN_BOOL_CONVERSION = YES;
				CLANG_WARN_COMMA = YES;
				CLANG_WARN_CONSTANT_CONVERSION = YES;
				CLANG_WARN_DEPRECATED_OBJC_IMPLEMENTATIONS = YES;
				CLANG_WARN_DIRECT_OBJC_ISA_USAGE = YES_ERROR;
				CLANG_WARN_DOCUMENTATION_COMMENTS = YES;
				CLANG_WARN_EMPTY_BODY = YES;
				CLANG_WARN_ENUM_CONVERSION = YES;
				CLANG_WARN_INFINITE_RECURSION = YES;
				CLANG_WARN_INT_CONVERSION = YES;
				CLANG_WARN_NON_LITERAL_NULL_CONVERSION = YES;
				CLANG_WARN_OBJC_IMPLICIT_RETAIN_SELF = YES;
				CLANG_WARN_OBJC_LITERAL_CONVERSION = YES;
				CLANG_WARN_OBJC_ROOT_CLASS = YES_ERROR;
				CLANG_WARN_QUOTED_INCLUDE_IN_FRAMEWORK_HEADER = YES;
				CLANG_WARN_RANGE_LOOP_ANALYSIS = YES;
				CLANG_WARN_STRICT_PROTOTYPES = YES;
				CLANG_WARN_SUSPICIOUS_MOVE = YES;
				CLANG_WARN_UNGUARDED_AVAILABILITY = YES_AGGRESSIVE;
				CLANG_WARN_UNREACHABLE_CODE = YES;
				CLANG_WARN__DUPLICATE_METHOD_MATCH = YES;
				COPY_PHASE_STRIP = NO;
				DEBUG_INFORMATION_FORMAT = dwarf;
				ENABLE_STRICT_OBJC_MSGSEND = YES;
				ENABLE_TESTABILITY = YES;
				GCC_C_LANGUAGE_STANDARD = gnu11;
				GCC_DYNAMIC_NO_PIC = NO;
				GCC_NO_COMMON_BLOCKS = YES;
				GCC_OPTIMIZATION_LEVEL = 0;
				GCC_PREPROCESSOR_DEFINITIONS = (
					"DEBUG=1",
					"$(inherited)",
				);
				GCC_WARN_64_TO_32_BIT_CONVERSION = YES;
				GCC_WARN_ABOUT_RETURN_TYPE = YES_ERROR;
				GCC_WARN_UNDECLARED_SELECTOR = YES;
				GCC_WARN_UNINITIALIZED_AUTOS = YES_AGGRESSIVE;
				GCC_WARN_UNUSED_FUNCTION = YES;
				GCC_WARN_UNUSED_VARIABLE = YES;
				IPHONEOS_DEPLOYMENT_TARGET = 16.4;
				MTL_ENABLE_DEBUG_INFO = INCLUDE_SOURCE;
				MTL_FAST_MATH = YES;
				ONLY_ACTIVE_ARCH = YES;
				SDKROOT = iphoneos;
				SWIFT_ACTIVE_COMPILATION_CONDITIONS = DEBUG;
				SWIFT_OPTIMIZATION_LEVEL = "-Onone";
			};
			name = Debug;
		};
		C2F1EACF2A96284A0098C1BB /* Release */ = {
			isa = XCBuildConfiguration;
			buildSettings = {
				ALWAYS_SEARCH_USER_PATHS = NO;
				CLANG_ANALYZER_NONNULL = YES;
				CLANG_ANALYZER_NUMBER_OBJECT_CONVERSION = YES_AGGRESSIVE;
				CLANG_CXX_LANGUAGE_STANDARD = "gnu++20";
				CLANG_ENABLE_MODULES = YES;
				CLANG_ENABLE_OBJC_ARC = YES;
				CLANG_ENABLE_OBJC_WEAK = YES;
				CLANG_WARN_BLOCK_CAPTURE_AUTORELEASING = YES;
				CLANG_WARN_BOOL_CONVERSION = YES;
				CLANG_WARN_COMMA = YES;
				CLANG_WARN_CONSTANT_CONVERSION = YES;
				CLANG_WARN_DEPRECATED_OBJC_IMPLEMENTATIONS = YES;
				CLANG_WARN_DIRECT_OBJC_ISA_USAGE = YES_ERROR;
				CLANG_WARN_DOCUMENTATION_COMMENTS = YES;
				CLANG_WARN_EMPTY_BODY = YES;
				CLANG_WARN_ENUM_CONVERSION = YES;
				CLANG_WARN_INFINITE_RECURSION = YES;
				CLANG_WARN_INT_CONVERSION = YES;
				CLANG_WARN_NON_LITERAL_NULL_CONVERSION = YES;
				CLANG_WARN_OBJC_IMPLICIT_RETAIN_SELF = YES;
				CLANG_WARN_OBJC_LITERAL_CONVERSION = YES;
				CLANG_WARN_OBJC_ROOT_CLASS = YES_ERROR;
				CLANG_WARN_QUOTED_INCLUDE_IN_FRAMEWORK_HEADER = YES;
				CLANG_WARN_RANGE_LOOP_ANALYSIS = YES;
				CLANG_WARN_STRICT_PROTOTYPES = YES;
				CLANG_WARN_SUSPICIOUS_MOVE = YES;
				CLANG_WARN_UNGUARDED_AVAILABILITY = YES_AGGRESSIVE;
				CLANG_WARN_UNREACHABLE_CODE = YES;
				CLANG_WARN__DUPLICATE_METHOD_MATCH = YES;
				COPY_PHASE_STRIP = NO;
				DEBUG_INFORMATION_FORMAT = "dwarf-with-dsym";
				ENABLE_NS_ASSERTIONS = NO;
				ENABLE_STRICT_OBJC_MSGSEND = YES;
				GCC_C_LANGUAGE_STANDARD = gnu11;
				GCC_NO_COMMON_BLOCKS = YES;
				GCC_WARN_64_TO_32_BIT_CONVERSION = YES;
				GCC_WARN_ABOUT_RETURN_TYPE = YES_ERROR;
				GCC_WARN_UNDECLARED_SELECTOR = YES;
				GCC_WARN_UNINITIALIZED_AUTOS = YES_AGGRESSIVE;
				GCC_WARN_UNUSED_FUNCTION = YES;
				GCC_WARN_UNUSED_VARIABLE = YES;
				IPHONEOS_DEPLOYMENT_TARGET = 16.4;
				MTL_ENABLE_DEBUG_INFO = NO;
				MTL_FAST_MATH = YES;
				SDKROOT = iphoneos;
				SWIFT_COMPILATION_MODE = wholemodule;
				SWIFT_OPTIMIZATION_LEVEL = "-O";
				VALIDATE_PRODUCT = YES;
			};
			name = Release;
		};
		C2F1EAD12A96284A0098C1BB /* Debug */ = {
			isa = XCBuildConfiguration;
			buildSettings = {
				ASSETCATALOG_COMPILER_APPICON_NAME = AppIcon;
				ASSETCATALOG_COMPILER_GLOBAL_ACCENT_COLOR_NAME = AccentColor;
				CODE_SIGN_STYLE = Automatic;
				CURRENT_PROJECT_VERSION = 1;
				DEVELOPMENT_TEAM = 6Y92LH56N8;
				GENERATE_INFOPLIST_FILE = YES;
				INFOPLIST_FILE = TwitterFirebase/Info.plist;
				INFOPLIST_KEY_UIApplicationSupportsIndirectInputEvents = YES;
				INFOPLIST_KEY_UILaunchStoryboardName = LaunchScreen;
				INFOPLIST_KEY_UIMainStoryboardFile = Main;
				INFOPLIST_KEY_UISupportedInterfaceOrientations_iPad = "UIInterfaceOrientationPortrait UIInterfaceOrientationPortraitUpsideDown UIInterfaceOrientationLandscapeLeft UIInterfaceOrientationLandscapeRight";
				INFOPLIST_KEY_UISupportedInterfaceOrientations_iPhone = "UIInterfaceOrientationPortrait UIInterfaceOrientationLandscapeLeft UIInterfaceOrientationLandscapeRight";
				LD_RUNPATH_SEARCH_PATHS = (
					"$(inherited)",
					"@executable_path/Frameworks",
				);
				MARKETING_VERSION = 1.0;
				PRODUCT_BUNDLE_IDENTIFIER = com.alphanogun.TwitterFirebase;
				PRODUCT_NAME = "$(TARGET_NAME)";
				SWIFT_EMIT_LOC_STRINGS = YES;
				SWIFT_VERSION = 5.0;
				TARGETED_DEVICE_FAMILY = "1,2";
			};
			name = Debug;
		};
		C2F1EAD22A96284A0098C1BB /* Release */ = {
			isa = XCBuildConfiguration;
			buildSettings = {
				ASSETCATALOG_COMPILER_APPICON_NAME = AppIcon;
				ASSETCATALOG_COMPILER_GLOBAL_ACCENT_COLOR_NAME = AccentColor;
				CODE_SIGN_STYLE = Automatic;
				CURRENT_PROJECT_VERSION = 1;
				DEVELOPMENT_TEAM = 6Y92LH56N8;
				GENERATE_INFOPLIST_FILE = YES;
				INFOPLIST_FILE = TwitterFirebase/Info.plist;
				INFOPLIST_KEY_UIApplicationSupportsIndirectInputEvents = YES;
				INFOPLIST_KEY_UILaunchStoryboardName = LaunchScreen;
				INFOPLIST_KEY_UIMainStoryboardFile = Main;
				INFOPLIST_KEY_UISupportedInterfaceOrientations_iPad = "UIInterfaceOrientationPortrait UIInterfaceOrientationPortraitUpsideDown UIInterfaceOrientationLandscapeLeft UIInterfaceOrientationLandscapeRight";
				INFOPLIST_KEY_UISupportedInterfaceOrientations_iPhone = "UIInterfaceOrientationPortrait UIInterfaceOrientationLandscapeLeft UIInterfaceOrientationLandscapeRight";
				LD_RUNPATH_SEARCH_PATHS = (
					"$(inherited)",
					"@executable_path/Frameworks",
				);
				MARKETING_VERSION = 1.0;
				PRODUCT_BUNDLE_IDENTIFIER = com.alphanogun.TwitterFirebase;
				PRODUCT_NAME = "$(TARGET_NAME)";
				SWIFT_EMIT_LOC_STRINGS = YES;
				SWIFT_VERSION = 5.0;
				TARGETED_DEVICE_FAMILY = "1,2";
			};
			name = Release;
		};
/* End XCBuildConfiguration section */

/* Begin XCConfigurationList section */
		C2F1EAB72A9628490098C1BB /* Build configuration list for PBXProject "TwitterFirebase" */ = {
			isa = XCConfigurationList;
			buildConfigurations = (
				C2F1EACE2A96284A0098C1BB /* Debug */,
				C2F1EACF2A96284A0098C1BB /* Release */,
			);
			defaultConfigurationIsVisible = 0;
			defaultConfigurationName = Release;
		};
		C2F1EAD02A96284A0098C1BB /* Build configuration list for PBXNativeTarget "TwitterFirebase" */ = {
			isa = XCConfigurationList;
			buildConfigurations = (
				C2F1EAD12A96284A0098C1BB /* Debug */,
				C2F1EAD22A96284A0098C1BB /* Release */,
			);
			defaultConfigurationIsVisible = 0;
			defaultConfigurationName = Release;
		};
/* End XCConfigurationList section */
	};
	rootObject = C2F1EAB42A9628490098C1BB /* Project object */;
}
