// !$*UTF8*$!
{
	archiveVersion = 1;
	classes = {
	};
	objectVersion = 56;
	objects = {

/* Begin PBXBuildFile section */
		9DD75F4A8CE970ADFA19FA52 /* Pods_TwitterFirebase.framework in Frameworks */ = {isa = PBXBuildFile; fileRef = 1D663FE093FEB8699FC184E4 /* Pods_TwitterFirebase.framework */; };
		C209A3412A98C15E00BEF6DB /* UploadTweetController.swift in Sources */ = {isa = PBXBuildFile; fileRef = C209A3402A98C15E00BEF6DB /* UploadTweetController.swift */; };
		C209A3432A98F02800BEF6DB /* CaptionTextView.swift in Sources */ = {isa = PBXBuildFile; fileRef = C209A3422A98F02800BEF6DB /* CaptionTextView.swift */; };
		C209A3452A98F4A000BEF6DB /* TweetService.swift in Sources */ = {isa = PBXBuildFile; fileRef = C209A3442A98F4A000BEF6DB /* TweetService.swift */; };
		C258ED8B2A97C80F0065F97A /* UserService.swift in Sources */ = {isa = PBXBuildFile; fileRef = C258ED8A2A97C80F0065F97A /* UserService.swift */; };
		C258ED8D2A97CC210065F97A /* User.swift in Sources */ = {isa = PBXBuildFile; fileRef = C258ED8C2A97CC210065F97A /* User.swift */; };
		C29C6A7C2A97949C00986411 /* GoogleService-Info.plist in Resources */ = {isa = PBXBuildFile; fileRef = C29C6A7B2A97949C00986411 /* GoogleService-Info.plist */; };
		C29C6A7E2A9795AE00986411 /* Constants.swift in Sources */ = {isa = PBXBuildFile; fileRef = C29C6A7D2A9795AE00986411 /* Constants.swift */; };
		C29C6A802A979BF600986411 /* AuthService.swift in Sources */ = {isa = PBXBuildFile; fileRef = C29C6A7F2A979BF600986411 /* AuthService.swift */; };
		C29C6A822A97A16E00986411 /* ImageUploader.swift in Sources */ = {isa = PBXBuildFile; fileRef = C29C6A812A97A16E00986411 /* ImageUploader.swift */; };
		C2F1EAC02A9628490098C1BB /* AppDelegate.swift in Sources */ = {isa = PBXBuildFile; fileRef = C2F1EABF2A9628490098C1BB /* AppDelegate.swift */; };
		C2F1EAC22A9628490098C1BB /* SceneDelegate.swift in Sources */ = {isa = PBXBuildFile; fileRef = C2F1EAC12A9628490098C1BB /* SceneDelegate.swift */; };
		C2F1EAC72A9628490098C1BB /* Main.storyboard in Resources */ = {isa = PBXBuildFile; fileRef = C2F1EAC52A9628490098C1BB /* Main.storyboard */; };
		C2F1EAC92A96284A0098C1BB /* Assets.xcassets in Resources */ = {isa = PBXBuildFile; fileRef = C2F1EAC82A96284A0098C1BB /* Assets.xcassets */; };
		C2F1EACC2A96284A0098C1BB /* LaunchScreen.storyboard in Resources */ = {isa = PBXBuildFile; fileRef = C2F1EACA2A96284A0098C1BB /* LaunchScreen.storyboard */; };
		C2F1EADC2A962A9A0098C1BB /* MainTabController.swift in Sources */ = {isa = PBXBuildFile; fileRef = C2F1EADB2A962A9A0098C1BB /* MainTabController.swift */; };
		C2F1EAE02A962B870098C1BB /* FeedController.swift in Sources */ = {isa = PBXBuildFile; fileRef = C2F1EADF2A962B870098C1BB /* FeedController.swift */; };
		C2F1EAE22A962BE30098C1BB /* ExploreController.swift in Sources */ = {isa = PBXBuildFile; fileRef = C2F1EAE12A962BE30098C1BB /* ExploreController.swift */; };
		C2F1EAE42A962BED0098C1BB /* NotificationsController.swift in Sources */ = {isa = PBXBuildFile; fileRef = C2F1EAE32A962BED0098C1BB /* NotificationsController.swift */; };
		C2F1EAE62A962BF80098C1BB /* ConversationsController.swift in Sources */ = {isa = PBXBuildFile; fileRef = C2F1EAE52A962BF80098C1BB /* ConversationsController.swift */; };
		C2F1EAE82A962E370098C1BB /* Extensions.swift in Sources */ = {isa = PBXBuildFile; fileRef = C2F1EAE72A962E370098C1BB /* Extensions.swift */; };
		C2F1EAEA2A96637C0098C1BB /* LoginController.swift in Sources */ = {isa = PBXBuildFile; fileRef = C2F1EAE92A96637C0098C1BB /* LoginController.swift */; };
		C2F1EAED2A96646A0098C1BB /* RegisterController.swift in Sources */ = {isa = PBXBuildFile; fileRef = C2F1EAEC2A96646A0098C1BB /* RegisterController.swift */; };
		C2F1EAEF2A966C530098C1BB /* Utilities.swift in Sources */ = {isa = PBXBuildFile; fileRef = C2F1EAEE2A966C530098C1BB /* Utilities.swift */; };
/* End PBXBuildFile section */

/* Begin PBXFileReference section */
		0F1A6B77525E1548A544FEC6 /* Pods-TwitterFirebase.release.xcconfig */ = {isa = PBXFileReference; includeInIndex = 1; lastKnownFileType = text.xcconfig; name = "Pods-TwitterFirebase.release.xcconfig"; path = "Target Support Files/Pods-TwitterFirebase/Pods-TwitterFirebase.release.xcconfig"; sourceTree = "<group>"; };
		1D663FE093FEB8699FC184E4 /* Pods_TwitterFirebase.framework */ = {isa = PBXFileReference; explicitFileType = wrapper.framework; includeInIndex = 0; path = Pods_TwitterFirebase.framework; sourceTree = BUILT_PRODUCTS_DIR; };
		8980DB3A7244FA3F221F656D /* Pods-TwitterFirebase.debug.xcconfig */ = {isa = PBXFileReference; includeInIndex = 1; lastKnownFileType = text.xcconfig; name = "Pods-TwitterFirebase.debug.xcconfig"; path = "Target Support Files/Pods-TwitterFirebase/Pods-TwitterFirebase.debug.xcconfig"; sourceTree = "<group>"; };
		C209A3402A98C15E00BEF6DB /* UploadTweetController.swift */ = {isa = PBXFileReference; lastKnownFileType = sourcecode.swift; path = UploadTweetController.swift; sourceTree = "<group>"; };
		C209A3422A98F02800BEF6DB /* CaptionTextView.swift */ = {isa = PBXFileReference; lastKnownFileType = sourcecode.swift; path = CaptionTextView.swift; sourceTree = "<group>"; };
		C209A3442A98F4A000BEF6DB /* TweetService.swift */ = {isa = PBXFileReference; lastKnownFileType = sourcecode.swift; path = TweetService.swift; sourceTree = "<group>"; };
		C258ED8A2A97C80F0065F97A /* UserService.swift */ = {isa = PBXFileReference; lastKnownFileType = sourcecode.swift; path = UserService.swift; sourceTree = "<group>"; };
		C258ED8C2A97CC210065F97A /* User.swift */ = {isa = PBXFileReference; lastKnownFileType = sourcecode.swift; path = User.swift; sourceTree = "<group>"; };
		C29C6A7B2A97949C00986411 /* GoogleService-Info.plist */ = {isa = PBXFileReference; fileEncoding = 4; lastKnownFileType = text.plist.xml; path = "GoogleService-Info.plist"; sourceTree = "<group>"; };
		C29C6A7D2A9795AE00986411 /* Constants.swift */ = {isa = PBXFileReference; lastKnownFileType = sourcecode.swift; path = Constants.swift; sourceTree = "<group>"; };
		C29C6A7F2A979BF600986411 /* AuthService.swift */ = {isa = PBXFileReference; lastKnownFileType = sourcecode.swift; path = AuthService.swift; sourceTree = "<group>"; };
		C29C6A812A97A16E00986411 /* ImageUploader.swift */ = {isa = PBXFileReference; lastKnownFileType = sourcecode.swift; path = ImageUploader.swift; sourceTree = "<group>"; };
		C2F1EABC2A9628490098C1BB /* TwitterFirebase.app */ = {isa = PBXFileReference; explicitFileType = wrapper.application; includeInIndex = 0; path = TwitterFirebase.app; sourceTree = BUILT_PRODUCTS_DIR; };
		C2F1EABF2A9628490098C1BB /* AppDelegate.swift */ = {isa = PBXFileReference; lastKnownFileType = sourcecode.swift; path = AppDelegate.swift; sourceTree = "<group>"; };
		C2F1EAC12A9628490098C1BB /* SceneDelegate.swift */ = {isa = PBXFileReference; lastKnownFileType = sourcecode.swift; path = SceneDelegate.swift; sourceTree = "<group>"; };
		C2F1EAC62A9628490098C1BB /* Base */ = {isa = PBXFileReference; lastKnownFileType = file.storyboard; name = Base; path = Base.lproj/Main.storyboard; sourceTree = "<group>"; };
		C2F1EAC82A96284A0098C1BB /* Assets.xcassets */ = {isa = PBXFileReference; lastKnownFileType = folder.assetcatalog; path = Assets.xcassets; sourceTree = "<group>"; };
		C2F1EACB2A96284A0098C1BB /* Base */ = {isa = PBXFileReference; lastKnownFileType = file.storyboard; name = Base; path = Base.lproj/LaunchScreen.storyboard; sourceTree = "<group>"; };
		C2F1EACD2A96284A0098C1BB /* Info.plist */ = {isa = PBXFileReference; lastKnownFileType = text.plist.xml; path = Info.plist; sourceTree = "<group>"; };
		C2F1EADB2A962A9A0098C1BB /* MainTabController.swift */ = {isa = PBXFileReference; lastKnownFileType = sourcecode.swift; path = MainTabController.swift; sourceTree = "<group>"; };
		C2F1EADF2A962B870098C1BB /* FeedController.swift */ = {isa = PBXFileReference; lastKnownFileType = sourcecode.swift; path = FeedController.swift; sourceTree = "<group>"; };
		C2F1EAE12A962BE30098C1BB /* ExploreController.swift */ = {isa = PBXFileReference; lastKnownFileType = sourcecode.swift; path = ExploreController.swift; sourceTree = "<group>"; };
		C2F1EAE32A962BED0098C1BB /* NotificationsController.swift */ = {isa = PBXFileReference; lastKnownFileType = sourcecode.swift; path = NotificationsController.swift; sourceTree = "<group>"; };
		C2F1EAE52A962BF80098C1BB /* ConversationsController.swift */ = {isa = PBXFileReference; lastKnownFileType = sourcecode.swift; path = ConversationsController.swift; sourceTree = "<group>"; };
		C2F1EAE72A962E370098C1BB /* Extensions.swift */ = {isa = PBXFileReference; lastKnownFileType = sourcecode.swift; path = Extensions.swift; sourceTree = "<group>"; };
		C2F1EAE92A96637C0098C1BB /* LoginController.swift */ = {isa = PBXFileReference; lastKnownFileType = sourcecode.swift; path = LoginController.swift; sourceTree = "<group>"; };
		C2F1EAEC2A96646A0098C1BB /* RegisterController.swift */ = {isa = PBXFileReference; lastKnownFileType = sourcecode.swift; path = RegisterController.swift; sourceTree = "<group>"; };
		C2F1EAEE2A966C530098C1BB /* Utilities.swift */ = {isa = PBXFileReference; lastKnownFileType = sourcecode.swift; path = Utilities.swift; sourceTree = "<group>"; };
/* End PBXFileReference section */

/* Begin PBXFrameworksBuildPhase section */
		C2F1EAB92A9628490098C1BB /* Frameworks */ = {
			isa = PBXFrameworksBuildPhase;
			buildActionMask = 2147483647;
			files = (
				9DD75F4A8CE970ADFA19FA52 /* Pods_TwitterFirebase.framework in Frameworks */,
			);
			runOnlyForDeploymentPostprocessing = 0;
		};
/* End PBXFrameworksBuildPhase section */

/* Begin PBXGroup section */
		006D195DBEE66D0DC66E2617 /* Pods */ = {
			isa = PBXGroup;
			children = (
				8980DB3A7244FA3F221F656D /* Pods-TwitterFirebase.debug.xcconfig */,
				0F1A6B77525E1548A544FEC6 /* Pods-TwitterFirebase.release.xcconfig */,
			);
			path = Pods;
			sourceTree = "<group>";
		};
		C2F1EAB32A9628490098C1BB = {
			isa = PBXGroup;
			children = (
				C2F1EABE2A9628490098C1BB /* TwitterFirebase */,
				C2F1EABD2A9628490098C1BB /* Products */,
				006D195DBEE66D0DC66E2617 /* Pods */,
				E7CC09D85BCF0067D65B0E90 /* Frameworks */,
			);
			sourceTree = "<group>";
		};
		C2F1EABD2A9628490098C1BB /* Products */ = {
			isa = PBXGroup;
			children = (
				C2F1EABC2A9628490098C1BB /* TwitterFirebase.app */,
			);
			name = Products;
			sourceTree = "<group>";
		};
		C2F1EABE2A9628490098C1BB /* TwitterFirebase */ = {
			isa = PBXGroup;
			children = (
				C2F1EAD82A96292A0098C1BB /* Model */,
				C2F1EAD72A9629270098C1BB /* View */,
				C2F1EAD62A9629240098C1BB /* ViewModel */,
				C2F1EAD52A9629220098C1BB /* Controller */,
				C2F1EAD42A96291F0098C1BB /* API */,
				C2F1EAD32A96291D0098C1BB /* Utils */,
				C2F1EABF2A9628490098C1BB /* AppDelegate.swift */,
				C2F1EAC12A9628490098C1BB /* SceneDelegate.swift */,
				C2F1EAC52A9628490098C1BB /* Main.storyboard */,
				C2F1EAC82A96284A0098C1BB /* Assets.xcassets */,
				C2F1EACA2A96284A0098C1BB /* LaunchScreen.storyboard */,
				C2F1EACD2A96284A0098C1BB /* Info.plist */,
				C29C6A7B2A97949C00986411 /* GoogleService-Info.plist */,
			);
			path = TwitterFirebase;
			sourceTree = "<group>";
		};
		C2F1EAD32A96291D0098C1BB /* Utils */ = {
			isa = PBXGroup;
			children = (
				C2F1EAE72A962E370098C1BB /* Extensions.swift */,
				C2F1EAEE2A966C530098C1BB /* Utilities.swift */,
				C29C6A7D2A9795AE00986411 /* Constants.swift */,
			);
			path = Utils;
			sourceTree = "<group>";
		};
		C2F1EAD42A96291F0098C1BB /* API */ = {
			isa = PBXGroup;
			children = (
				C29C6A812A97A16E00986411 /* ImageUploader.swift */,
				C29C6A7F2A979BF600986411 /* AuthService.swift */,
				C258ED8A2A97C80F0065F97A /* UserService.swift */,
				C209A3442A98F4A000BEF6DB /* TweetService.swift */,
			);
			path = API;
			sourceTree = "<group>";
		};
		C2F1EAD52A9629220098C1BB /* Controller */ = {
			isa = PBXGroup;
			children = (
				C2F1EAEB2A9663840098C1BB /* Authentication */,
				C2F1EADB2A962A9A0098C1BB /* MainTabController.swift */,
				C2F1EADF2A962B870098C1BB /* FeedController.swift */,
				C209A3402A98C15E00BEF6DB /* UploadTweetController.swift */,
				C2F1EAE12A962BE30098C1BB /* ExploreController.swift */,
				C2F1EAE32A962BED0098C1BB /* NotificationsController.swift */,
				C2F1EAE52A962BF80098C1BB /* ConversationsController.swift */,
			);
			path = Controller;
			sourceTree = "<group>";
		};
		C2F1EAD62A9629240098C1BB /* ViewModel */ = {
			isa = PBXGroup;
			children = (
			);
			path = ViewModel;
			sourceTree = "<group>";
		};
		C2F1EAD72A9629270098C1BB /* View */ = {
			isa = PBXGroup;
			children = (
				C209A3422A98F02800BEF6DB /* CaptionTextView.swift */,
			);
			path = View;
			sourceTree = "<group>";
		};
		C2F1EAD82A96292A0098C1BB /* Model */ = {
			isa = PBXGroup;
			children = (
				C258ED8C2A97CC210065F97A /* User.swift */,
			);
			path = Model;
			sourceTree = "<group>";
		};
		C2F1EAEB2A9663840098C1BB /* Authentication */ = {
			isa = PBXGroup;
			children = (
				C2F1EAE92A96637C0098C1BB /* LoginController.swift */,
				C2F1EAEC2A96646A0098C1BB /* RegisterController.swift */,
			);
			name = Authentication;
			sourceTree = "<group>";
		};
		E7CC09D85BCF0067D65B0E90 /* Frameworks */ = {
			isa = PBXGroup;
			children = (
				1D663FE093FEB8699FC184E4 /* Pods_TwitterFirebase.framework */,
			);
			name = Frameworks;
			sourceTree = "<group>";
		};
/* End PBXGroup section */

/* Begin PBXNativeTarget section */
		C2F1EABB2A9628490098C1BB /* TwitterFirebase */ = {
			isa = PBXNativeTarget;
			buildConfigurationList = C2F1EAD02A96284A0098C1BB /* Build configuration list for PBXNativeTarget "TwitterFirebase" */;
			buildPhases = (
				9EB1AE5AA1706AD2CEF8D8E6 /* [CP] Check Pods Manifest.lock */,
				C2F1EAB82A9628490098C1BB /* Sources */,
				C2F1EAB92A9628490098C1BB /* Frameworks */,
				C2F1EABA2A9628490098C1BB /* Resources */,
				76CE56B590B9E46903A5D076 /* [CP] Embed Pods Frameworks */,
			);
			buildRules = (
			);
			dependencies = (
			);
			name = TwitterFirebase;
			productName = TwitterFirebase;
			productReference = C2F1EABC2A9628490098C1BB /* TwitterFirebase.app */;
			productType = "com.apple.product-type.application";
		};
/* End PBXNativeTarget section */

/* Begin PBXProject section */
		C2F1EAB42A9628490098C1BB /* Project object */ = {
			isa = PBXProject;
			attributes = {
				BuildIndependentTargetsInParallel = 1;
				LastSwiftUpdateCheck = 1430;
				LastUpgradeCheck = 1430;
				TargetAttributes = {
					C2F1EABB2A9628490098C1BB = {
						CreatedOnToolsVersion = 14.3.1;
					};
				};
			};
			buildConfigurationList = C2F1EAB72A9628490098C1BB /* Build configuration list for PBXProject "TwitterFirebase" */;
			compatibilityVersion = "Xcode 14.0";
			developmentRegion = en;
			hasScannedForEncodings = 0;
			knownRegions = (
				en,
				Base,
			);
			mainGroup = C2F1EAB32A9628490098C1BB;
			productRefGroup = C2F1EABD2A9628490098C1BB /* Products */;
			projectDirPath = "";
			projectRoot = "";
			targets = (
				C2F1EABB2A9628490098C1BB /* TwitterFirebase */,
			);
		};
/* End PBXProject section */

/* Begin PBXResourcesBuildPhase section */
		C2F1EABA2A9628490098C1BB /* Resources */ = {
			isa = PBXResourcesBuildPhase;
			buildActionMask = 2147483647;
			files = (
				C2F1EACC2A96284A0098C1BB /* LaunchScreen.storyboard in Resources */,
				C29C6A7C2A97949C00986411 /* GoogleService-Info.plist in Resources */,
				C2F1EAC92A96284A0098C1BB /* Assets.xcassets in Resources */,
				C2F1EAC72A9628490098C1BB /* Main.storyboard in Resources */,
			);
			runOnlyForDeploymentPostprocessing = 0;
		};
/* End PBXResourcesBuildPhase section */

/* Begin PBXShellScriptBuildPhase section */
		76CE56B590B9E46903A5D076 /* [CP] Embed Pods Frameworks */ = {
			isa = PBXShellScriptBuildPhase;
			buildActionMask = 2147483647;
			files = (
			);
			inputFileListPaths = (
				"${PODS_ROOT}/Target Support Files/Pods-TwitterFirebase/Pods-TwitterFirebase-frameworks-${CONFIGURATION}-input-files.xcfilelist",
			);
			name = "[CP] Embed Pods Frameworks";
			outputFileListPaths = (
				"${PODS_ROOT}/Target Support Files/Pods-TwitterFirebase/Pods-TwitterFirebase-frameworks-${CONFIGURATION}-output-files.xcfilelist",
			);
			runOnlyForDeploymentPostprocessing = 0;
			shellPath = /bin/sh;
			shellScript = "\"${PODS_ROOT}/Target Support Files/Pods-TwitterFirebase/Pods-TwitterFirebase-frameworks.sh\"\n";
			showEnvVarsInLog = 0;
		};
		9EB1AE5AA1706AD2CEF8D8E6 /* [CP] Check Pods Manifest.lock */ = {
			isa = PBXShellScriptBuildPhase;
			buildActionMask = 2147483647;
			files = (
			);
			inputFileListPaths = (
			);
			inputPaths = (
				"${PODS_PODFILE_DIR_PATH}/Podfile.lock",
				"${PODS_ROOT}/Manifest.lock",
			);
			name = "[CP] Check Pods Manifest.lock";
			outputFileListPaths = (
			);
			outputPaths = (
				"$(DERIVED_FILE_DIR)/Pods-TwitterFirebase-checkManifestLockResult.txt",
			);
			runOnlyForDeploymentPostprocessing = 0;
			shellPath = /bin/sh;
			shellScript = "diff \"${PODS_PODFILE_DIR_PATH}/Podfile.lock\" \"${PODS_ROOT}/Manifest.lock\" > /dev/null\nif [ $? != 0 ] ; then\n    # print error to STDERR\n    echo \"error: The sandbox is not in sync with the Podfile.lock. Run 'pod install' or update your CocoaPods installation.\" >&2\n    exit 1\nfi\n# This output is used by Xcode 'outputs' to avoid re-running this script phase.\necho \"SUCCESS\" > \"${SCRIPT_OUTPUT_FILE_0}\"\n";
			showEnvVarsInLog = 0;
		};
/* End PBXShellScriptBuildPhase section */

/* Begin PBXSourcesBuildPhase section */
		C2F1EAB82A9628490098C1BB /* Sources */ = {
			isa = PBXSourcesBuildPhase;
			buildActionMask = 2147483647;
			files = (
				C2F1EAED2A96646A0098C1BB /* RegisterController.swift in Sources */,
				C209A3452A98F4A000BEF6DB /* TweetService.swift in Sources */,
				C2F1EAE42A962BED0098C1BB /* NotificationsController.swift in Sources */,
				C2F1EAEF2A966C530098C1BB /* Utilities.swift in Sources */,
				C2F1EAE62A962BF80098C1BB /* ConversationsController.swift in Sources */,
				C209A3412A98C15E00BEF6DB /* UploadTweetController.swift in Sources */,
				C258ED8D2A97CC210065F97A /* User.swift in Sources */,
				C209A3432A98F02800BEF6DB /* CaptionTextView.swift in Sources */,
				C2F1EAC02A9628490098C1BB /* AppDelegate.swift in Sources */,
				C2F1EAE82A962E370098C1BB /* Extensions.swift in Sources */,
				C29C6A802A979BF600986411 /* AuthService.swift in Sources */,
				C29C6A822A97A16E00986411 /* ImageUploader.swift in Sources */,
				C2F1EAEA2A96637C0098C1BB /* LoginController.swift in Sources */,
				C2F1EAE22A962BE30098C1BB /* ExploreController.swift in Sources */,
				C2F1EAC22A9628490098C1BB /* SceneDelegate.swift in Sources */,
				C258ED8B2A97C80F0065F97A /* UserService.swift in Sources */,
				C2F1EADC2A962A9A0098C1BB /* MainTabController.swift in Sources */,
				C2F1EAE02A962B870098C1BB /* FeedController.swift in Sources */,
				C29C6A7E2A9795AE00986411 /* Constants.swift in Sources */,
			);
			runOnlyForDeploymentPostprocessing = 0;
		};
/* End PBXSourcesBuildPhase section */

/* Begin PBXVariantGroup section */
		C2F1EAC52A9628490098C1BB /* Main.storyboard */ = {
			isa = PBXVariantGroup;
			children = (
				C2F1EAC62A9628490098C1BB /* Base */,
			);
			name = Main.storyboard;
			sourceTree = "<group>";
		};
		C2F1EACA2A96284A0098C1BB /* LaunchScreen.storyboard */ = {
			isa = PBXVariantGroup;
			children = (
				C2F1EACB2A96284A0098C1BB /* Base */,
			);
			name = LaunchScreen.storyboard;
			sourceTree = "<group>";
		};
/* End PBXVariantGroup section */

/* Begin XCBuildConfiguration section */
		C2F1EACE2A96284A0098C1BB /* Debug */ = {
			isa = XCBuildConfiguration;
			buildSettings = {
				ALWAYS_SEARCH_USER_PATHS = NO;
				CLANG_ANALYZER_NONNULL = YES;
				CLANG_ANALYZER_NUMBER_OBJECT_CONVERSION = YES_AGGRESSIVE;
				CLANG_CXX_LANGUAGE_STANDARD = "gnu++20";
				CLANG_ENABLE_MODULES = YES;
				CLANG_ENABLE_OBJC_ARC = YES;
				CLANG_ENABLE_OBJC_WEAK = YES;
				CLANG_WARN_BLOCK_CAPTURE_AUTORELEASING = YES;
				CLANG_WARN_BOOL_CONVERSION = YES;
				CLANG_WARN_COMMA = YES;
				CLANG_WARN_CONSTANT_CONVERSION = YES;
				CLANG_WARN_DEPRECATED_OBJC_IMPLEMENTATIONS = YES;
				CLANG_WARN_DIRECT_OBJC_ISA_USAGE = YES_ERROR;
				CLANG_WARN_DOCUMENTATION_COMMENTS = YES;
				CLANG_WARN_EMPTY_BODY = YES;
				CLANG_WARN_ENUM_CONVERSION = YES;
				CLANG_WARN_INFINITE_RECURSION = YES;
				CLANG_WARN_INT_CONVERSION = YES;
				CLANG_WARN_NON_LITERAL_NULL_CONVERSION = YES;
				CLANG_WARN_OBJC_IMPLICIT_RETAIN_SELF = YES;
				CLANG_WARN_OBJC_LITERAL_CONVERSION = YES;
				CLANG_WARN_OBJC_ROOT_CLASS = YES_ERROR;
				CLANG_WARN_QUOTED_INCLUDE_IN_FRAMEWORK_HEADER = YES;
				CLANG_WARN_RANGE_LOOP_ANALYSIS = YES;
				CLANG_WARN_STRICT_PROTOTYPES = YES;
				CLANG_WARN_SUSPICIOUS_MOVE = YES;
				CLANG_WARN_UNGUARDED_AVAILABILITY = YES_AGGRESSIVE;
				CLANG_WARN_UNREACHABLE_CODE = YES;
				CLANG_WARN__DUPLICATE_METHOD_MATCH = YES;
				COPY_PHASE_STRIP = NO;
				DEBUG_INFORMATION_FORMAT = dwarf;
				ENABLE_STRICT_OBJC_MSGSEND = YES;
				ENABLE_TESTABILITY = YES;
				GCC_C_LANGUAGE_STANDARD = gnu11;
				GCC_DYNAMIC_NO_PIC = NO;
				GCC_NO_COMMON_BLOCKS = YES;
				GCC_OPTIMIZATION_LEVEL = 0;
				GCC_PREPROCESSOR_DEFINITIONS = (
					"DEBUG=1",
					"$(inherited)",
				);
				GCC_WARN_64_TO_32_BIT_CONVERSION = YES;
				GCC_WARN_ABOUT_RETURN_TYPE = YES_ERROR;
				GCC_WARN_UNDECLARED_SELECTOR = YES;
				GCC_WARN_UNINITIALIZED_AUTOS = YES_AGGRESSIVE;
				GCC_WARN_UNUSED_FUNCTION = YES;
				GCC_WARN_UNUSED_VARIABLE = YES;
				IPHONEOS_DEPLOYMENT_TARGET = 16.4;
				MTL_ENABLE_DEBUG_INFO = INCLUDE_SOURCE;
				MTL_FAST_MATH = YES;
				ONLY_ACTIVE_ARCH = YES;
				SDKROOT = iphoneos;
				SWIFT_ACTIVE_COMPILATION_CONDITIONS = DEBUG;
				SWIFT_OPTIMIZATION_LEVEL = "-Onone";
			};
			name = Debug;
		};
		C2F1EACF2A96284A0098C1BB /* Release */ = {
			isa = XCBuildConfiguration;
			buildSettings = {
				ALWAYS_SEARCH_USER_PATHS = NO;
				CLANG_ANALYZER_NONNULL = YES;
				CLANG_ANALYZER_NUMBER_OBJECT_CONVERSION = YES_AGGRESSIVE;
				CLANG_CXX_LANGUAGE_STANDARD = "gnu++20";
				CLANG_ENABLE_MODULES = YES;
				CLANG_ENABLE_OBJC_ARC = YES;
				CLANG_ENABLE_OBJC_WEAK = YES;
				CLANG_WARN_BLOCK_CAPTURE_AUTORELEASING = YES;
				CLANG_WARN_BOOL_CONVERSION = YES;
				CLANG_WARN_COMMA = YES;
				CLANG_WARN_CONSTANT_CONVERSION = YES;
				CLANG_WARN_DEPRECATED_OBJC_IMPLEMENTATIONS = YES;
				CLANG_WARN_DIRECT_OBJC_ISA_USAGE = YES_ERROR;
				CLANG_WARN_DOCUMENTATION_COMMENTS = YES;
				CLANG_WARN_EMPTY_BODY = YES;
				CLANG_WARN_ENUM_CONVERSION = YES;
				CLANG_WARN_INFINITE_RECURSION = YES;
				CLANG_WARN_INT_CONVERSION = YES;
				CLANG_WARN_NON_LITERAL_NULL_CONVERSION = YES;
				CLANG_WARN_OBJC_IMPLICIT_RETAIN_SELF = YES;
				CLANG_WARN_OBJC_LITERAL_CONVERSION = YES;
				CLANG_WARN_OBJC_ROOT_CLASS = YES_ERROR;
				CLANG_WARN_QUOTED_INCLUDE_IN_FRAMEWORK_HEADER = YES;
				CLANG_WARN_RANGE_LOOP_ANALYSIS = YES;
				CLANG_WARN_STRICT_PROTOTYPES = YES;
				CLANG_WARN_SUSPICIOUS_MOVE = YES;
				CLANG_WARN_UNGUARDED_AVAILABILITY = YES_AGGRESSIVE;
				CLANG_WARN_UNREACHABLE_CODE = YES;
				CLANG_WARN__DUPLICATE_METHOD_MATCH = YES;
				COPY_PHASE_STRIP = NO;
				DEBUG_INFORMATION_FORMAT = "dwarf-with-dsym";
				ENABLE_NS_ASSERTIONS = NO;
				ENABLE_STRICT_OBJC_MSGSEND = YES;
				GCC_C_LANGUAGE_STANDARD = gnu11;
				GCC_NO_COMMON_BLOCKS = YES;
				GCC_WARN_64_TO_32_BIT_CONVERSION = YES;
				GCC_WARN_ABOUT_RETURN_TYPE = YES_ERROR;
				GCC_WARN_UNDECLARED_SELECTOR = YES;
				GCC_WARN_UNINITIALIZED_AUTOS = YES_AGGRESSIVE;
				GCC_WARN_UNUSED_FUNCTION = YES;
				GCC_WARN_UNUSED_VARIABLE = YES;
				IPHONEOS_DEPLOYMENT_TARGET = 16.4;
				MTL_ENABLE_DEBUG_INFO = NO;
				MTL_FAST_MATH = YES;
				SDKROOT = iphoneos;
				SWIFT_COMPILATION_MODE = wholemodule;
				SWIFT_OPTIMIZATION_LEVEL = "-O";
				VALIDATE_PRODUCT = YES;
			};
			name = Release;
		};
		C2F1EAD12A96284A0098C1BB /* Debug */ = {
			isa = XCBuildConfiguration;
			baseConfigurationReference = 8980DB3A7244FA3F221F656D /* Pods-TwitterFirebase.debug.xcconfig */;
			buildSettings = {
				ASSETCATALOG_COMPILER_APPICON_NAME = AppIcon;
				ASSETCATALOG_COMPILER_GLOBAL_ACCENT_COLOR_NAME = AccentColor;
				CODE_SIGN_STYLE = Automatic;
				CURRENT_PROJECT_VERSION = 1;
				DEVELOPMENT_TEAM = 6Y92LH56N8;
				GENERATE_INFOPLIST_FILE = YES;
				INFOPLIST_FILE = TwitterFirebase/Info.plist;
				INFOPLIST_KEY_UIApplicationSupportsIndirectInputEvents = YES;
				INFOPLIST_KEY_UILaunchStoryboardName = LaunchScreen;
				INFOPLIST_KEY_UIMainStoryboardFile = Main;
				INFOPLIST_KEY_UISupportedInterfaceOrientations = UIInterfaceOrientationPortrait;
				INFOPLIST_KEY_UISupportedInterfaceOrientations_iPad = "UIInterfaceOrientationLandscapeLeft UIInterfaceOrientationLandscapeRight UIInterfaceOrientationPortrait UIInterfaceOrientationPortraitUpsideDown";
				LD_RUNPATH_SEARCH_PATHS = (
					"$(inherited)",
					"@executable_path/Frameworks",
				);
				MARKETING_VERSION = 1.0;
				PRODUCT_BUNDLE_IDENTIFIER = com.alphanogun.TwitterFirebase;
				PRODUCT_NAME = "$(TARGET_NAME)";
				SWIFT_EMIT_LOC_STRINGS = YES;
				SWIFT_VERSION = 5.0;
				TARGETED_DEVICE_FAMILY = "1,2";
			};
			name = Debug;
		};
		C2F1EAD22A96284A0098C1BB /* Release */ = {
			isa = XCBuildConfiguration;
			baseConfigurationReference = 0F1A6B77525E1548A544FEC6 /* Pods-TwitterFirebase.release.xcconfig */;
			buildSettings = {
				ASSETCATALOG_COMPILER_APPICON_NAME = AppIcon;
				ASSETCATALOG_COMPILER_GLOBAL_ACCENT_COLOR_NAME = AccentColor;
				CODE_SIGN_STYLE = Automatic;
				CURRENT_PROJECT_VERSION = 1;
				DEVELOPMENT_TEAM = 6Y92LH56N8;
				GENERATE_INFOPLIST_FILE = YES;
				INFOPLIST_FILE = TwitterFirebase/Info.plist;
				INFOPLIST_KEY_UIApplicationSupportsIndirectInputEvents = YES;
				INFOPLIST_KEY_UILaunchStoryboardName = LaunchScreen;
				INFOPLIST_KEY_UIMainStoryboardFile = Main;
				INFOPLIST_KEY_UISupportedInterfaceOrientations = UIInterfaceOrientationPortrait;
				INFOPLIST_KEY_UISupportedInterfaceOrientations_iPad = "UIInterfaceOrientationLandscapeLeft UIInterfaceOrientationLandscapeRight UIInterfaceOrientationPortrait UIInterfaceOrientationPortraitUpsideDown";
				LD_RUNPATH_SEARCH_PATHS = (
					"$(inherited)",
					"@executable_path/Frameworks",
				);
				MARKETING_VERSION = 1.0;
				PRODUCT_BUNDLE_IDENTIFIER = com.alphanogun.TwitterFirebase;
				PRODUCT_NAME = "$(TARGET_NAME)";
				SWIFT_EMIT_LOC_STRINGS = YES;
				SWIFT_VERSION = 5.0;
				TARGETED_DEVICE_FAMILY = "1,2";
			};
			name = Release;
		};
/* End XCBuildConfiguration section */

/* Begin XCConfigurationList section */
		C2F1EAB72A9628490098C1BB /* Build configuration list for PBXProject "TwitterFirebase" */ = {
			isa = XCConfigurationList;
			buildConfigurations = (
				C2F1EACE2A96284A0098C1BB /* Debug */,
				C2F1EACF2A96284A0098C1BB /* Release */,
			);
			defaultConfigurationIsVisible = 0;
			defaultConfigurationName = Release;
		};
		C2F1EAD02A96284A0098C1BB /* Build configuration list for PBXNativeTarget "TwitterFirebase" */ = {
			isa = XCConfigurationList;
			buildConfigurations = (
				C2F1EAD12A96284A0098C1BB /* Debug */,
				C2F1EAD22A96284A0098C1BB /* Release */,
			);
			defaultConfigurationIsVisible = 0;
			defaultConfigurationName = Release;
		};
/* End XCConfigurationList section */
	};
	rootObject = C2F1EAB42A9628490098C1BB /* Project object */;
}
